
Microsoft Visual Studio Solution File, Format Version 12.00
# Visual Studio Version 17
VisualStudioVersion = 17.11.35222.181
MinimumVisualStudioVersion = 10.0.40219.1
Project("{8BC9CEB8-8B4A-11D0-8D11-00A0C91BC942}") = "Script", "Scripting\Scripting.vcxproj", "{299353B2-F307-4259-8F46-CD8F8F6FE872}"
EndProject
Project("{8BC9CEB8-8B4A-11D0-8D11-00A0C91BC942}") = "Engine", "Engine\Engine.vcxproj", "{1332ED0C-C278-459F-AD7A-E0FA3A4AB951}"
EndProject
Project("{8BC9CEB8-8B4A-11D0-8D11-00A0C91BC942}") = "Script-Camera-Controller", "Script-Camera-Controller\Script-Camera-Controller.vcxproj", "{7C01F931-379A-4C76-9FCD-F6258EA24EFB}"
EndProject
Project("{8BC9CEB8-8B4A-11D0-8D11-00A0C91BC942}") = "Script-Controllable-Object-Showcase", "Script-Controllable-Object-Showcase\Controllable-Object-Showcase.vcxproj", "{F1C86D9F-BE21-4790-8568-187012F8C317}"
EndProject
Project("{8BC9CEB8-8B4A-11D0-8D11-00A0C91BC942}") = "Script-Particle-Showcase", "Script-Particle-Showcase\Script-Particle-Showcase.vcxproj", "{6D77D82B-B8F7-4629-AE96-CF901B47D4C7}"
EndProject
Project("{8BC9CEB8-8B4A-11D0-8D11-00A0C91BC942}") = "Script-GUI-Fps", "Script-GUI-Fps\Script-GUI-Fps.vcxproj", "{55A8E410-37B5-48ED-86F0-8A80FFCA787A}"
EndProject
Global
	GlobalSection(SolutionConfigurationPlatforms) = preSolution
		Debug|x64 = Debug|x64
		Release|x64 = Release|x64
	EndGlobalSection
	GlobalSection(ProjectConfigurationPlatforms) = postSolution
		{299353B2-F307-4259-8F46-CD8F8F6FE872}.Debug|x64.ActiveCfg = Debug|x64
		{299353B2-F307-4259-8F46-CD8F8F6FE872}.Debug|x64.Build.0 = Debug|x64
		{299353B2-F307-4259-8F46-CD8F8F6FE872}.Release|x64.ActiveCfg = Release|x64
		{299353B2-F307-4259-8F46-CD8F8F6FE872}.Release|x64.Build.0 = Release|x64
		{1332ED0C-C278-459F-AD7A-E0FA3A4AB951}.Debug|x64.ActiveCfg = Debug|x64
		{1332ED0C-C278-459F-AD7A-E0FA3A4AB951}.Debug|x64.Build.0 = Debug|x64
		{1332ED0C-C278-459F-AD7A-E0FA3A4AB951}.Release|x64.ActiveCfg = Release|x64
		{1332ED0C-C278-459F-AD7A-E0FA3A4AB951}.Release|x64.Build.0 = Release|x64
		{7C01F931-379A-4C76-9FCD-F6258EA24EFB}.Debug|x64.ActiveCfg = Debug|x64
		{7C01F931-379A-4C76-9FCD-F6258EA24EFB}.Debug|x64.Build.0 = Debug|x64
		{7C01F931-379A-4C76-9FCD-F6258EA24EFB}.Release|x64.ActiveCfg = Release|x64
		{7C01F931-379A-4C76-9FCD-F6258EA24EFB}.Release|x64.Build.0 = Release|x64
		{F1C86D9F-BE21-4790-8568-187012F8C317}.Debug|x64.ActiveCfg = Debug|x64
		{F1C86D9F-BE21-4790-8568-187012F8C317}.Debug|x64.Build.0 = Debug|x64
		{F1C86D9F-BE21-4790-8568-187012F8C317}.Release|x64.ActiveCfg = Release|x64
		{F1C86D9F-BE21-4790-8568-187012F8C317}.Release|x64.Build.0 = Release|x64
		{6D77D82B-B8F7-4629-AE96-CF901B47D4C7}.Debug|x64.ActiveCfg = Debug|x64
		{6D77D82B-B8F7-4629-AE96-CF901B47D4C7}.Debug|x64.Build.0 = Debug|x64
		{6D77D82B-B8F7-4629-AE96-CF901B47D4C7}.Release|x64.ActiveCfg = Release|x64
		{6D77D82B-B8F7-4629-AE96-CF901B47D4C7}.Release|x64.Build.0 = Release|x64
		{55A8E410-37B5-48ED-86F0-8A80FFCA787A}.Debug|x64.ActiveCfg = Debug|x64
		{55A8E410-37B5-48ED-86F0-8A80FFCA787A}.Debug|x64.Build.0 = Debug|x64
		{55A8E410-37B5-48ED-86F0-8A80FFCA787A}.Release|x64.ActiveCfg = Release|x64
		{55A8E410-37B5-48ED-86F0-8A80FFCA787A}.Release|x64.Build.0 = Release|x64
	EndGlobalSection
	GlobalSection(SolutionProperties) = preSolution
		HideSolutionNode = FALSE
	EndGlobalSection
	GlobalSection(ExtensibilityGlobals) = postSolution
		SolutionGuid = {5C52CEBA-D2F6-4404-8E0C-C6AA137DE158}
	EndGlobalSection
EndGlobal
