<?xml version="1.0" encoding="utf-8"?>
<Project ToolsVersion="4.0" xmlns="http://schemas.microsoft.com/developer/msbuild/2003">
  <ItemGroup>
    <ClInclude Include="Include\Window.hpp">
      <Filter>Header Files</Filter>
    </ClInclude>
    <ClInclude Include="Include\Node_Editor.hpp">
      <Filter>Header Files</Filter>
    </ClInclude>
    <ClInclude Include="Include\Viewport.hpp">
      <Filter>Header Files</Filter>
    </ClInclude>
    <ClInclude Include="Include\Variable_Editor.hpp">
      <Filter>Header Files</Filter>
    </ClInclude>
    <ClInclude Include="Include\Inline\Types.hpp">
      <Filter>Header Files</Filter>
    </ClInclude>
    <ClInclude Include="Include\Variable.hpp">
      <Filter>Header Files</Filter>
    </ClInclude>
    <ClInclude Include="Include\Nodes\Math\Trigonometry.hpp">
      <Filter>Header Files</Filter>
    </ClInclude>
    <ClInclude Include="Include\Nodes\Rendering\2D\Triangle.hpp">
      <Filter>Header Files</Filter>
    </ClInclude>
    <ClInclude Include="Include\Timeline.hpp">
      <Filter>Header Files</Filter>
    </ClInclude>
    <ClInclude Include="Include\Inline\Templates.hpp">
      <Filter>Header Files</Filter>
    </ClInclude>
    <ClInclude Include="Include\Nodes\Exec\Loop\Subsample.hpp">
      <Filter>Header Files</Filter>
    </ClInclude>
    <ClInclude Include="Include\Nodes\Variables\Set.hpp">
      <Filter>Header Files</Filter>
    </ClInclude>
    <ClInclude Include="Include\Session.hpp">
      <Filter>Header Files</Filter>
    </ClInclude>
    <ClInclude Include="Include\Nodes\Boolean\Select.hpp">
      <Filter>Header Files</Filter>
    </ClInclude>
    <ClInclude Include="Include\Scripting.hpp">
      <Filter>Header Files</Filter>
    </ClInclude>
    <ClInclude Include="Include\Nodes\Rendering\2D\Rectangle.hpp">
      <Filter>Header Files</Filter>
    </ClInclude>
    <ClInclude Include="Include\OpenGL.hpp">
      <Filter>Header Files</Filter>
    </ClInclude>
    <ClInclude Include="Include\Nodes.hpp">
      <Filter>Header Files</Filter>
    </ClInclude>
    <ClInclude Include="Include\Node_Shelf.hpp">
      <Filter>Header Files</Filter>
    </ClInclude>
    <ClInclude Include="Include\Node.hpp">
      <Filter>Header Files</Filter>
    </ClInclude>
    <ClInclude Include="Include\Nodes\Hook\Input\Mouse_Wheel.hpp">
      <Filter>Header Files</Filter>
    </ClInclude>
    <ClInclude Include="Include\Nodes\Hook\Input\Mouse_Pos.hpp">
      <Filter>Header Files</Filter>
    </ClInclude>
    <ClInclude Include="Include\Nodes\Hook\Input\Mouse.hpp">
      <Filter>Header Files</Filter>
    </ClInclude>
    <ClInclude Include="Include\Nodes\Rendering\2D\Line.hpp">
      <Filter>Header Files</Filter>
    </ClInclude>
    <ClInclude Include="Include\Nodes\Hook\Input\Key.hpp">
      <Filter>Header Files</Filter>
    </ClInclude>
    <ClInclude Include="Include\Input.hpp">
      <Filter>Header Files</Filter>
    </ClInclude>
    <ClInclude Include="Include\Nodes\Exec\If_Else.hpp">
      <Filter>Header Files</Filter>
    </ClInclude>
    <ClInclude Include="Include\Nodes\Exec\If.hpp">
      <Filter>Header Files</Filter>
    </ClInclude>
    <ClInclude Include="Include\History_View.hpp">
      <Filter>Header Files</Filter>
    </ClInclude>
    <ClInclude Include="Include\Nodes\Variables\Get.hpp">
      <Filter>Header Files</Filter>
    </ClInclude>
    <ClInclude Include="Include\File.hpp">
      <Filter>Header Files</Filter>
    </ClInclude>
    <ClInclude Include="Include\Nodes\Singleton\Euler_Tick.hpp">
      <Filter>Header Files</Filter>
    </ClInclude>
    <ClInclude Include="Include\Nodes\Hook\Display.hpp">
      <Filter>Header Files</Filter>
    </ClInclude>
    <ClInclude Include="Include\Nodes\Variables\Constant.hpp">
      <Filter>Header Files</Filter>
    </ClInclude>
    <ClInclude Include="Include\Nodes\Boolean\Compare.hpp">
      <Filter>Header Files</Filter>
    </ClInclude>
    <ClInclude Include="Include\Nodes\Rendering\2D\Circle.hpp">
      <Filter>Header Files</Filter>
    </ClInclude>
    <ClInclude Include="Include\Nodes\Singleton\Camera_3D.hpp">
      <Filter>Header Files</Filter>
    </ClInclude>
    <ClInclude Include="Include\Nodes\Singleton\Camera_2D.hpp">
      <Filter>Header Files</Filter>
    </ClInclude>
    <ClInclude Include="Include\Nodes\Singleton\Background.hpp">
      <Filter>Header Files</Filter>
    </ClInclude>
    <ClInclude Include="Include\Nodes\Math\Arithmetic.hpp">
      <Filter>Header Files</Filter>
    </ClInclude>
    <ClInclude Include="Include\Nodes\Container\List\Access.hpp">
      <Filter>Header Files</Filter>
    </ClInclude>
    <ClInclude Include="Include\Nodes\Container\List\Size.hpp">
      <Filter>Header Files</Filter>
    </ClInclude>
    <ClInclude Include="Include\Nodes\Container\List\Clear.hpp">
      <Filter>Header Files</Filter>
    </ClInclude>
    <ClInclude Include="Include\Nodes\Container\List\Insert.hpp">
      <Filter>Header Files</Filter>
    </ClInclude>
    <ClInclude Include="Include\Nodes\Container\List\Push.hpp">
      <Filter>Header Files</Filter>
    </ClInclude>
    <ClInclude Include="Include\Nodes\Container\List\Remove.hpp">
      <Filter>Header Files</Filter>
    </ClInclude>
    <ClInclude Include="Include\Nodes\Container\List\Modify.hpp" />
    <ClInclude Include="Include\Nodes\Exec\Loop\For.hpp" />
    <ClInclude Include="Include\Nodes\Exec\Loop\While.hpp" />
    <ClInclude Include="Include\Nodes\Container\List\Create.hpp" />
    <ClInclude Include="Include\Nodes\Singleton\Init.hpp" />
    <ClInclude Include="Include\Nodes\Cast\Convert\I64_To_F64.hpp" />
    <ClInclude Include="Include\Nodes\Cast\Make\Make_Vec2.hpp" />
    <ClInclude Include="Include\Nodes\Cast\Make\Make_Vec3.hpp" />
    <ClInclude Include="Include\Nodes\Cast\Make\Make_Vec4.hpp" />
    <ClInclude Include="Include\Nodes\Cast\Make\Make_Mat2.hpp" />
    <ClInclude Include="Include\Nodes\Cast\Make\Make_Mat3.hpp" />
    <ClInclude Include="Include\Nodes\Cast\Make\Make_Mat4.hpp" />
    <ClInclude Include="Include\Nodes\Cast\Make\Make_Quat.hpp" />
    <ClInclude Include="Include\Nodes\Cast\Make\Make_Color.hpp" />
  </ItemGroup>
  <ItemGroup>
    <Filter Include="Header Files">
      <UniqueIdentifier>{7416c8cd-7892-4645-96d1-633f4430ed85}</UniqueIdentifier>
    </Filter>
    <Filter Include="Source Files">
      <UniqueIdentifier>{168e4d9f-e12f-43a5-add0-f09ba3117adb}</UniqueIdentifier>
    </Filter>
  </ItemGroup>
  <ItemGroup>
    <ClCompile Include="Source\Window.cpp">
      <Filter>Source Files</Filter>
    </ClCompile>
    <ClCompile Include="Source\Node_Editor.cpp">
      <Filter>Source Files</Filter>
    </ClCompile>
    <ClCompile Include="Source\Viewport.cpp">
      <Filter>Source Files</Filter>
    </ClCompile>
    <ClCompile Include="Source\Nodes\Exec\Loop\Subsample.cpp">
      <Filter>Source Files</Filter>
    </ClCompile>
    <ClCompile Include="Source\Timeline.cpp">
      <Filter>Source Files</Filter>
    </ClCompile>
    <ClCompile Include="Source\Nodes\Rendering\2D\Triangle.cpp">
      <Filter>Source Files</Filter>
    </ClCompile>
    <ClCompile Include="Source\Nodes\Math\Trigonometry.cpp">
      <Filter>Source Files</Filter>
    </ClCompile>
    <ClCompile Include="Source\Variable.cpp">
      <Filter>Source Files</Filter>
    </ClCompile>
    <ClCompile Include="Source\Variable_Editor.cpp">
      <Filter>Source Files</Filter>
    </ClCompile>
    <ClCompile Include="Source\Nodes\Variables\Set.cpp">
      <Filter>Source Files</Filter>
    </ClCompile>
    <ClCompile Include="Source\Session.cpp">
      <Filter>Source Files</Filter>
    </ClCompile>
    <ClCompile Include="Source\Nodes\Rendering\2D\Line.cpp">
      <Filter>Source Files</Filter>
    </ClCompile>
    <ClCompile Include="main.cpp">
      <Filter>Source Files</Filter>
    </ClCompile>
    <ClCompile Include="Source\Nodes\Hook\Input\Mouse.cpp">
      <Filter>Source Files</Filter>
    </ClCompile>
    <ClCompile Include="Source\Nodes\Hook\Input\Mouse_Pos.cpp">
      <Filter>Source Files</Filter>
    </ClCompile>
    <ClCompile Include="Source\Nodes\Hook\Input\Mouse_Wheel.cpp">
      <Filter>Source Files</Filter>
    </ClCompile>
    <ClCompile Include="Source\Node.cpp">
      <Filter>Source Files</Filter>
    </ClCompile>
    <ClCompile Include="Source\Node_Shelf.cpp">
      <Filter>Source Files</Filter>
    </ClCompile>
    <ClCompile Include="Source\Nodes.cpp">
      <Filter>Source Files</Filter>
    </ClCompile>
    <ClCompile Include="Source\OpenGL.cpp">
      <Filter>Source Files</Filter>
    </ClCompile>
    <ClCompile Include="Source\Nodes\Rendering\2D\Rectangle.cpp">
      <Filter>Source Files</Filter>
    </ClCompile>
    <ClCompile Include="Source\Scripting.cpp">
      <Filter>Source Files</Filter>
    </ClCompile>
    <ClCompile Include="Source\Nodes\Boolean\Select.cpp">
      <Filter>Source Files</Filter>
    </ClCompile>
    <ClCompile Include="Source\Nodes\Math\Arithmetic.cpp">
      <Filter>Source Files</Filter>
    </ClCompile>
    <ClCompile Include="Source\Nodes\Singleton\Background.cpp">
      <Filter>Source Files</Filter>
    </ClCompile>
    <ClCompile Include="Source\Nodes\Singleton\Camera_2D.cpp">
      <Filter>Source Files</Filter>
    </ClCompile>
    <ClCompile Include="Source\Nodes\Singleton\Camera_3D.cpp">
      <Filter>Source Files</Filter>
    </ClCompile>
    <ClCompile Include="Source\Nodes\Rendering\2D\Circle.cpp">
      <Filter>Source Files</Filter>
    </ClCompile>
    <ClCompile Include="Source\Nodes\Boolean\Compare.cpp">
      <Filter>Source Files</Filter>
    </ClCompile>
    <ClCompile Include="Source\Nodes\Variables\Constant.cpp">
      <Filter>Source Files</Filter>
    </ClCompile>
    <ClCompile Include="Source\Nodes\Hook\Display.cpp">
      <Filter>Source Files</Filter>
    </ClCompile>
    <ClCompile Include="Source\Nodes\Singleton\Euler_Tick.cpp">
      <Filter>Source Files</Filter>
    </ClCompile>
    <ClCompile Include="Source\File.cpp">
      <Filter>Source Files</Filter>
    </ClCompile>
    <ClCompile Include="Source\Nodes\Variables\Get.cpp">
      <Filter>Source Files</Filter>
    </ClCompile>
    <ClCompile Include="Source\History_View.cpp">
      <Filter>Source Files</Filter>
    </ClCompile>
    <ClCompile Include="Source\Nodes\Exec\If.cpp">
      <Filter>Source Files</Filter>
    </ClCompile>
    <ClCompile Include="Source\Nodes\Exec\If_Else.cpp">
      <Filter>Source Files</Filter>
    </ClCompile>
    <ClCompile Include="Source\Input.cpp">
      <Filter>Source Files</Filter>
    </ClCompile>
    <ClCompile Include="Source\Nodes\Hook\Input\Key.cpp">
      <Filter>Source Files</Filter>
    </ClCompile>
    <ClCompile Include="Source\Nodes\Container\List\Access.cpp">
      <Filter>Source Files</Filter>
    </ClCompile>
    <ClCompile Include="Source\Nodes\Container\List\Size.cpp">
      <Filter>Source Files</Filter>
    </ClCompile>
    <ClCompile Include="Source\Nodes\Container\List\Remove.cpp">
      <Filter>Source Files</Filter>
    </ClCompile>
    <ClCompile Include="Source\Nodes\Container\List\Push.cpp">
      <Filter>Source Files</Filter>
    </ClCompile>
    <ClCompile Include="Source\Nodes\Container\List\Insert.cpp">
      <Filter>Source Files</Filter>
    </ClCompile>
    <ClCompile Include="Source\Nodes\Container\List\Clear.cpp">
      <Filter>Source Files</Filter>
    </ClCompile>
    <ClCompile Include="Source\Nodes\Container\List\Modify.cpp" />
    <ClCompile Include="Source\Nodes\Exec\Loop\For.cpp" />
    <ClCompile Include="Source\Nodes\Exec\Loop\While.cpp" />
    <ClCompile Include="Source\Nodes\Container\List\Create.cpp" />
    <ClCompile Include="Source\Nodes\Singleton\Init.cpp" />
    <ClCompile Include="Source\Nodes\Cast\Convert\I64_To_F64.cpp" />
    <ClCompile Include="Source\Nodes\Cast\Make\Make_Vec2.cpp" />
    <ClCompile Include="Source\Nodes\Cast\Make\Make_Vec3.cpp" />
    <ClCompile Include="Source\Nodes\Cast\Make\Make_Vec4.cpp" />
    <ClCompile Include="Source\Nodes\Cast\Make\Make_Mat2.cpp" />
    <ClCompile Include="Source\Nodes\Cast\Make\Make_Mat3.cpp" />
    <ClCompile Include="Source\Nodes\Cast\Make\Make_Mat4.cpp" />
    <ClCompile Include="Source\Nodes\Cast\Make\Make_Quat.cpp" />
    <ClCompile Include="Source\Nodes\Cast\Make\Make_Color.cpp" />
  </ItemGroup>
</Project>