<?xml version="1.0" encoding="utf-8"?>
<Project ToolsVersion="4.0" xmlns="http://schemas.microsoft.com/developer/msbuild/2003">
  <ItemGroup>
    <ClInclude Include="Include\Window.hpp">
      <Filter>Header Files</Filter>
    </ClInclude>
    <ClInclude Include="Include\Node_Editor.hpp">
      <Filter>Header Files</Filter>
    </ClInclude>
    <ClInclude Include="Include\Inline\Types.hpp" />
    <ClInclude Include="Include\Inline\Glm.hpp" />
    <ClInclude Include="Include\Inline\Templates.hpp" />
    <ClInclude Include="Include\Inline\Templates\BiMap.hpp" />
    <ClInclude Include="Include\Inline\Templates\List.hpp" />
    <ClInclude Include="Include\Inline\Templates\Observable.hpp" />
    <ClInclude Include="Include\Inline\Templates\Observable_BiMap.hpp" />
    <ClInclude Include="Include\Inline\Templates\Observable_Map.hpp" />
    <ClInclude Include="Include\Inline\Templates\Observable_Pointer.hpp" />
    <ClInclude Include="Include\Inline\Templates\Observable_Vector.hpp" />
    <ClInclude Include="Include\Session.hpp" />
    <ClInclude Include="Include\Node.hpp" />
    <ClInclude Include="Include\Node_Shelf.hpp" />
    <ClInclude Include="Include\Nodes.hpp" />
    <ClInclude Include="Include\Viewport.hpp" />
    <ClInclude Include="Include\Scripting.hpp" />
    <ClInclude Include="Include\OpenGL.hpp" />
    <ClInclude Include="Include\File.hpp" />
    <ClInclude Include="Include\Timeline.hpp" />
    <ClInclude Include="Include\Variable_Editor.hpp" />
    <ClInclude Include="Include\Variable.hpp" />
    <ClInclude Include="Include\Input.hpp" />
    <ClInclude Include="Include\History_View.hpp" />
    <ClInclude Include="Include\Nodes\Singleton\Euler_Tick.hpp" />
    <ClInclude Include="Include\Nodes\Exec\Subsample.hpp" />
    <ClInclude Include="Include\Nodes\Rendering\2D\Circle.hpp" />
    <ClInclude Include="Include\Nodes\Rendering\2D\Line.hpp" />
    <ClInclude Include="Include\Nodes\Rendering\2D\Rectangle.hpp" />
    <ClInclude Include="Include\Nodes\Rendering\2D\Triangle.hpp" />
    <ClInclude Include="Include\Nodes\Variables\Set.hpp" />
    <ClInclude Include="Include\Nodes\Variables\Get.hpp" />
    <ClInclude Include="Include\Nodes\Variables\Constant.hpp" />
    <ClInclude Include="Include\Nodes\Singleton\Background.hpp" />
  </ItemGroup>
  <ItemGroup>
    <Filter Include="Header Files">
      <UniqueIdentifier>{7416c8cd-7892-4645-96d1-633f4430ed85}</UniqueIdentifier>
    </Filter>
    <Filter Include="Source Files">
      <UniqueIdentifier>{168e4d9f-e12f-43a5-add0-f09ba3117adb}</UniqueIdentifier>
    </Filter>
  </ItemGroup>
  <ItemGroup>
    <ClCompile Include="main.cpp" />
    <ClCompile Include="Source\Window.cpp">
      <Filter>Source Files</Filter>
    </ClCompile>
    <ClCompile Include="Source\Node_Editor.cpp">
      <Filter>Source Files</Filter>
    </ClCompile>
    <ClCompile Include="Source\Session.cpp" />
    <ClCompile Include="Source\Node.cpp" />
    <ClCompile Include="Source\Node_Shelf.cpp" />
    <ClCompile Include="Source\Nodes.cpp" />
    <ClCompile Include="Source\Scripting.cpp" />
    <ClCompile Include="Source\Viewport.cpp" />
    <ClCompile Include="Source\OpenGL.cpp" />
    <ClCompile Include="Source\File.cpp" />
    <ClCompile Include="Source\Timeline.cpp" />
    <ClCompile Include="Source\Variable_Editor.cpp" />
    <ClCompile Include="Source\Variable.cpp" />
    <ClCompile Include="Source\Input.cpp" />
    <ClCompile Include="Source\History_View.cpp" />
    <ClCompile Include="Source\Nodes\Singleton\Euler_Tick.cpp" />
    <ClCompile Include="Source\Nodes\Exec\Subsample.cpp" />
    <ClCompile Include="Source\Rendering\2D\Circle.cpp" />
    <ClCompile Include="Source\Rendering\2D\Line.cpp" />
    <ClCompile Include="Source\Rendering\2D\Rectangle.cpp" />
    <ClCompile Include="Source\Rendering\2D\Triangle.cpp" />
    <ClCompile Include="Source\Variables\Set.cpp" />
    <ClCompile Include="Source\Variables\Get.cpp" />
    <ClCompile Include="Source\Variables\Constant.cpp" />
    <ClCompile Include="Source\Nodes\Singleton\Background.cpp" />
  </ItemGroup>
  <ItemGroup>
    <None Include="Resources\Style.css" />
  </ItemGroup>
</Project>