<?xml version="1.0" encoding="utf-8"?>
<Project ToolsVersion="4.0" xmlns="http://schemas.microsoft.com/developer/msbuild/2003">
  <ItemGroup>
    <ClInclude Include="Include\Include.hpp">
      <Filter>Header Files</Filter>
    </ClInclude>
    <ClInclude Include="Include\Window.hpp">
      <Filter>Header Files</Filter>
    </ClInclude>
    <ClInclude Include="Include\Scripting.hpp">
      <Filter>Header Files</Filter>
    </ClInclude>
    <ClInclude Include="Include\Node_Editor.hpp">
      <Filter>Header Files</Filter>
    </ClInclude>
    <ClInclude Include="Include\QT.hpp">
      <Filter>Header Files</Filter>
    </ClInclude>
    <ClInclude Include="Include\Inline\Types.hpp" />
    <ClInclude Include="Include\Inline\Glm.hpp" />
    <ClInclude Include="Include\Inline\Templates.hpp" />
    <ClInclude Include="Include\Inline\Templates\BiMap.hpp" />
    <ClInclude Include="Include\Inline\Templates\List.hpp" />
    <ClInclude Include="Include\Inline\Templates\Observable.hpp" />
    <ClInclude Include="Include\Inline\Templates\Observable_BiMap.hpp" />
    <ClInclude Include="Include\Inline\Templates\Observable_Map.hpp" />
    <ClInclude Include="Include\Inline\Templates\Observable_Pointer.hpp" />
    <ClInclude Include="Include\Inline\Templates\Observable_Vector.hpp" />
    <ClInclude Include="Include\Session.hpp" />
    <ClInclude Include="Include\Utils\Lace.hpp" />
    <ClInclude Include="Include\Import.hpp" />
    <ClInclude Include="Include\Utils\Inline\Types.hpp" />
    <ClInclude Include="Include\Utils\Inline\Templates\BiMap.hpp" />
    <ClInclude Include="Include\Utils\Inline\Templates\List.hpp" />
    <ClInclude Include="Include\Utils\Inline\Templates\Observable.hpp" />
    <ClInclude Include="Include\Utils\Inline\Templates\Observable_BiMap.hpp" />
    <ClInclude Include="Include\Utils\Inline\Templates\Observable_Map.hpp" />
    <ClInclude Include="Include\Utils\Inline\Templates\Observable_Pointer.hpp" />
    <ClInclude Include="Include\Utils\Inline\Templates\Observable_Vector.hpp" />
    <ClInclude Include="Include\Utils\Inline\Glm.hpp" />
    <ClInclude Include="Include\Utils\Inline\Templates.hpp" />
    <ClInclude Include="Include\Utils\Inline\String.hpp" />
    <ClInclude Include="Include\Node.hpp" />
    <ClInclude Include="Include\Variable.hpp" />
    <ClInclude Include="Include\Node_Shelf.hpp" />
  </ItemGroup>
  <ItemGroup>
    <Filter Include="Header Files">
      <UniqueIdentifier>{7416c8cd-7892-4645-96d1-633f4430ed85}</UniqueIdentifier>
    </Filter>
    <Filter Include="Source Files">
      <UniqueIdentifier>{168e4d9f-e12f-43a5-add0-f09ba3117adb}</UniqueIdentifier>
    </Filter>
  </ItemGroup>
  <ItemGroup>
    <ClCompile Include="Source\Scripting.cpp">
      <Filter>Source Files</Filter>
    </ClCompile>
    <ClCompile Include="main.cpp" />
    <ClCompile Include="Source\Window.cpp">
      <Filter>Source Files</Filter>
    </ClCompile>
    <ClCompile Include="Source\Node_Editor.cpp">
      <Filter>Source Files</Filter>
    </ClCompile>
    <ClCompile Include="Source\QT.cpp">
      <Filter>Source Files</Filter>
    </ClCompile>
    <ClCompile Include="Source\Utils\Lace.cpp" />
    <ClCompile Include="Source\Session.cpp" />
    <ClCompile Include="Source\Node.cpp" />
    <ClCompile Include="Source\Variable.cpp" />
    <ClCompile Include="Source\Node_Shelf.cpp" />
  </ItemGroup>
</Project>